
Microsoft Visual Studio Solution File, Format Version 12.00
# Visual Studio Version 16
VisualStudioVersion = 16.0.29613.14
MinimumVisualStudioVersion = 10.0.40219.1
Project("{FAE04EC0-301F-11D3-BF4B-00C04F79EFBC}") = "DesignPattern", "DesignPattern.csproj", "{D8F9B17E-2ED2-458D-82D4-282EA4DEB750}"
EndProject
Global
	GlobalSection(SolutionConfigurationPlatforms) = preSolution
		Debug|Any CPU = Debug|Any CPU
		Release|Any CPU = Release|Any CPU
	EndGlobalSection
	GlobalSection(ProjectConfigurationPlatforms) = postSolution
		{D8F9B17E-2ED2-458D-82D4-282EA4DEB750}.Debug|Any CPU.ActiveCfg = Debug|Any CPU
		{D8F9B17E-2ED2-458D-82D4-282EA4DEB750}.Debug|Any CPU.Build.0 = Debug|Any CPU
		{D8F9B17E-2ED2-458D-82D4-282EA4DEB750}.Release|Any CPU.ActiveCfg = Release|Any CPU
		{D8F9B17E-2ED2-458D-82D4-282EA4DEB750}.Release|Any CPU.Build.0 = Release|Any CPU
	EndGlobalSection
	GlobalSection(SolutionProperties) = preSolution
		HideSolutionNode = FALSE
	EndGlobalSection
	GlobalSection(ExtensibilityGlobals) = postSolution
		SolutionGuid = {A0658381-B546-4BF9-A5AB-D34B666F9CF6}
	EndGlobalSection
EndGlobal
