
Microsoft Visual Studio Solution File, Format Version 12.00
# Visual Studio Version 16
VisualStudioVersion = 16.0.29728.190
MinimumVisualStudioVersion = 10.0.40219.1
Project("{FAE04EC0-301F-11D3-BF4B-00C04F79EFBC}") = "UnitTest", "UnitTest.csproj", "{E53D56D9-6ED2-4EFA-8C5A-088D322512A0}"
EndProject
Project("{FAE04EC0-301F-11D3-BF4B-00C04F79EFBC}") = "NUnitTestProject1", "..\NUnitTestProject1\NUnitTestProject1.csproj", "{7D3C249C-6D94-4E7D-B83E-10E6F54FDD31}"
EndProject
Global
	GlobalSection(SolutionConfigurationPlatforms) = preSolution
		Debug|Any CPU = Debug|Any CPU
		Release|Any CPU = Release|Any CPU
	EndGlobalSection
	GlobalSection(ProjectConfigurationPlatforms) = postSolution
		{E53D56D9-6ED2-4EFA-8C5A-088D322512A0}.Debug|Any CPU.ActiveCfg = Debug|Any CPU
		{E53D56D9-6ED2-4EFA-8C5A-088D322512A0}.Debug|Any CPU.Build.0 = Debug|Any CPU
		{E53D56D9-6ED2-4EFA-8C5A-088D322512A0}.Release|Any CPU.ActiveCfg = Release|Any CPU
		{E53D56D9-6ED2-4EFA-8C5A-088D322512A0}.Release|Any CPU.Build.0 = Release|Any CPU
		{7D3C249C-6D94-4E7D-B83E-10E6F54FDD31}.Debug|Any CPU.ActiveCfg = Debug|Any CPU
		{7D3C249C-6D94-4E7D-B83E-10E6F54FDD31}.Debug|Any CPU.Build.0 = Debug|Any CPU
		{7D3C249C-6D94-4E7D-B83E-10E6F54FDD31}.Release|Any CPU.ActiveCfg = Release|Any CPU
		{7D3C249C-6D94-4E7D-B83E-10E6F54FDD31}.Release|Any CPU.Build.0 = Release|Any CPU
	EndGlobalSection
	GlobalSection(SolutionProperties) = preSolution
		HideSolutionNode = FALSE
	EndGlobalSection
	GlobalSection(ExtensibilityGlobals) = postSolution
		SolutionGuid = {32907B82-33E0-4B8F-A5AA-DA13C34D5FED}
	EndGlobalSection
EndGlobal
